
Microsoft Visual Studio Solution File, Format Version 12.00
# Visual Studio 15
VisualStudioVersion = 15.0.28307.572
MinimumVisualStudioVersion = 10.0.40219.1
Project("{FAE04EC0-301F-11D3-BF4B-00C04F79EFBC}") = "Lesson_1", "Lesson_1\Lesson_1.csproj", "{F8A17314-3056-4AB7-A628-245B3C19BF3F}"
EndProject
Global
	GlobalSection(SolutionConfigurationPlatforms) = preSolution
		Debug|Any CPU = Debug|Any CPU
		Release|Any CPU = Release|Any CPU
	EndGlobalSection
	GlobalSection(ProjectConfigurationPlatforms) = postSolution
		{F8A17314-3056-4AB7-A628-245B3C19BF3F}.Debug|Any CPU.ActiveCfg = Debug|Any CPU
		{F8A17314-3056-4AB7-A628-245B3C19BF3F}.Debug|Any CPU.Build.0 = Debug|Any CPU
		{F8A17314-3056-4AB7-A628-245B3C19BF3F}.Release|Any CPU.ActiveCfg = Release|Any CPU
		{F8A17314-3056-4AB7-A628-245B3C19BF3F}.Release|Any CPU.Build.0 = Release|Any CPU
	EndGlobalSection
	GlobalSection(SolutionProperties) = preSolution
		HideSolutionNode = FALSE
	EndGlobalSection
	GlobalSection(ExtensibilityGlobals) = postSolution
		SolutionGuid = {10A4B108-12D3-447C-A369-83D8D28FABFB}
	EndGlobalSection
EndGlobal
